PODS:
  - lottie-ios (3.2.1)
  - SnapKit (5.0.1)

DEPENDENCIES:
  - lottie-ios
  - SnapKit

SPEC REPOS:
  trunk:
    - lottie-ios
    - SnapKit

SPEC CHECKSUMS:
  lottie-ios: 106e92eaf11fbed0a76590b4cdb9b5ec26123ff7
  SnapKit: 97b92857e3df3a0c71833cce143274bf6ef8e5eb

PODFILE CHECKSUM: fe5f162be1da2ff5674230a1794061c549f07e8f

COCOAPODS: 1.10.0
